PODS:
  - AuthorizationTools (1.0.1)

DEPENDENCIES:
  - AuthorizationTools (from `../`)

EXTERNAL SOURCES:
  AuthorizationTools:
    :path: "../"

SPEC CHECKSUMS:
  AuthorizationTools: b9981854eaf3819a406ba52bd7d6dd9cd5c7e679

PODFILE CHECKSUM: 48c000f441b3cf2c20522e719476c13d4242d1fe

COCOAPODS: 1.7.1
